{
    "name": "memory_dataset",
    "lockfileVersion": 3,
    "requires": true,
    "packages": {
        "": {
            "dependencies": {
                "random-words": "^1.3.0"
            }
        },
        "node_modules/random-words": {
            "version": "1.3.0",
            "resolved": "https://registry.npmjs.org/random-words/-/random-words-1.3.0.tgz",
            "integrity": "sha512-brwCGe+DN9DqZrAQVNj1Tct1Lody6GrYL/7uei5wfjeQdacFyFd2h/51LNlOoBMzIKMS9xohuL4+wlF/z1g/xg==",
            "dependencies": {
                "seedrandom": "^3.0.5"
            }
        },
        "node_modules/seedrandom": {
            "version": "3.0.5",
            "resolved": "https://registry.npmjs.org/seedrandom/-/seedrandom-3.0.5.tgz",
            "integrity": "sha512-8OwmbklUNzwezjGInmZ+2clQmExQPvomqjL7LFqOYqtmuxRgQYqOD3mHaU+MvZn5FLUeVxVfQjwLZW/n/JFuqg=="
        }
    }
}
